PODS:
  - Flutter (1.0.0)
  - yidun_plugin (0.0.1):
    - Flutter

DEPENDENCIES:
  - Flutter (from `Flutter`)
  - yidun_plugin (from `.symlinks/plugins/yidun_plugin/ios`)

EXTERNAL SOURCES:
  Flutter:
    :path: Flutter
  yidun_plugin:
    :path: ".symlinks/plugins/yidun_plugin/ios"

SPEC CHECKSUMS:
  Flutter: 0e3d915762c693b495b44d77113d4970485de6ec
  yidun_plugin: ee8c1604e696a05e8530a62c2ca001c53f02e510

PODFILE CHECKSUM: 8e679eca47255a8ca8067c4c67aab20e64cb974d

COCOAPODS: 1.9.3
