PODS:
  - Flutter (1.0.0)
  - NTESVerifyCode (3.2.8)
  - text_flutter_plugin (0.0.1):
    - Flutter

DEPENDENCIES:
  - Flutter (from `Flutter`)
  - NTESVerifyCode
  - text_flutter_plugin (from `.symlinks/plugins/text_flutter_plugin/ios`)

SPEC REPOS:
  trunk:
    - NTESVerifyCode

EXTERNAL SOURCES:
  Flutter:
    :path: Flutter
  text_flutter_plugin:
    :path: ".symlinks/plugins/text_flutter_plugin/ios"

SPEC CHECKSUMS:
  Flutter: 0e3d915762c693b495b44d77113d4970485de6ec
  NTESVerifyCode: 1bb76683eefcd99da42bdb22d11ab24e9baeb171
  text_flutter_plugin: 21fb74c1f4b0e5a05396ef66358c7c8a0e0c1f96

PODFILE CHECKSUM: 35811dbd3d5c7511662a600ad64ffcfb8743dc9f

COCOAPODS: 1.9.3
